{
    "_meta": {
        "hash": {
            "sha256": "24ddbbdba6b85a5c8b1423159ec868e30d89eb973d710df085c65a5dd1bc375a"
        },
        "pipfile-spec": 6,
        "requires": {
            "python_version": "3.6"
        },
        "sources": [
            {
                "name": "pypi",
                "url": "https://pypi.org/simple",
                "verify_ssl": true
            }
        ]
    },
    "default": {
        "cycler": {
            "hashes": [
                "sha256:1d8a5ae1ff6c5cf9b93e8811e581232ad8920aeec647c37316ceac982b08cb2d",
                "sha256:cd7b2d1018258d7247a71425e9f26463dfb444d411c39569972f4ce586b0c9d8"
            ],
            "version": "==0.10.0"
        },
        "h5py": {
            "hashes": [
                "sha256:0f8cd2acbacf3177b4427ed42639c911667b1f24d923388ab1f8ad466a12be5e",
                "sha256:11277e3879098f921ee9e29105b20591e1dfdd44963357399f2abaa1a280c560",
                "sha256:1241dec0c94ac32f3285cac1d6f44beabf80423e422ab03bd2686d731a8a9294",
                "sha256:17b8187de0b3a945d8e8d031e7eb6ece2fce90791f9c5fde36f4396bf38fdde1",
                "sha256:2f30007d0796788a454c1293262f19f25e6428317d3d386f78138fba2a44e37d",
                "sha256:308e0758587ee16d4e73e7f2f8aae8351091e343bf0a43d2f697f9535465c816",
                "sha256:37cacddf0e8209905f52537a8cf71da0dd9a4de62bd79247274c97b24a408997",
                "sha256:38a23bb599748adf23d77f74885c0de6f4a7d9baa42f74e476bbf90fba2b47dd",
                "sha256:47ab18b7b7bbc36fd2b606289b703b6f0ee915b923d6ad94dd17ac80ebffc280",
                "sha256:486c78330af0bf33f5077b51d1888c0739c3cd1a03d5aade0d48572b3b5690ca",
                "sha256:4e2183458d6ef1ae87dfb5d6acd0786359336cd9ac0ece6396c09b59fdaa3bd6",
                "sha256:51d0595c3e58814c831f6cd2b664a5bf9590e26262c1d541b380d041e4fcb3c0",
                "sha256:56d259d56822b70881760b243957f04a0cf133f0ec65eae6a33f562826aee899",
                "sha256:5e6e777653169a3cc24ea56bb3d8c845ea391f8914c35bb6f350b0753a52891c",
                "sha256:62bfb0ebb0f59e5dccc0b0dbbc0fc40dd1d1e09d04c0dc71f89790231531d4a2",
                "sha256:67d89b64debfa021b54aa6f24bbf008403bd144748a0148596b518bce80d2fc4",
                "sha256:6bf38571f555fa214493ec6349d29024cc5f313bf1715b09f236c553fd22ae4d",
                "sha256:9214ca445c18a37bfe9c165982c0e317e2f21f035c8d635d1c6d9fcbaf35b7a8",
                "sha256:ab0c52850428d2e86029935389379c2c97f752e76b616da851deec8a4484f8ec",
                "sha256:b2eff336697d8dfd712c5d93fef9f4e4d3e97d9d8c258801836b8664a239e07a",
                "sha256:bb33fabc0b8f3fe3bb0f8d6821b2fad5b2a64c27a0808e8d1c5c1e3362062064",
                "sha256:bd5353ab342bae1262b04745934cc1565df4cbc8d6a979a0c98f42209bd5c265",
                "sha256:bd73444efd1ac06dac27b8405bbe8791a02fd1bc8a2fa0e575257f90b7b57467",
                "sha256:bd932236a2ef91a75fee5d7f4ace80ab494c5a59cd092a67c9785ddb7fdc218c",
                "sha256:c45650de228ace7731e4280e14fb687f6d5c29cd666c5b22b42492b035e994d6",
                "sha256:d5c0c01da45f901a3d429e7ef9e7e22baa869e1affb8715f1bf94e6a30020740",
                "sha256:d75035db5bde802a29f4f29f18bb7548863d29ac90ccbf2c04c11799bbbba2c3",
                "sha256:dda88206dc9464923f27f601000bc5b152ac0bd6d0122f098d4f239150a70076",
                "sha256:e1c2ac5d0aa232c0f60fecc6bd1122346885086a176f939b91058c4c980cc226",
                "sha256:e626c65a8587921ebc7fb8d31a49addfdd0b9a9aa96315ea484c09803337b955"
            ],
            "version": "==2.8.0"
        },
        "joblib": {
            "hashes": [
                "sha256:11cdfd38cdb71768149e1373f2509e9b4fc1ec6bc92f874cb515b25f2d69f8f4",
                "sha256:142e74bee7b9dfad75c7dad24c4295b9084a6788116dd149e2fc7daf0db25675"
            ],
            "version": "==0.12.5"
        },
        "matplotlib": {
            "hashes": [
                "sha256:168c4fbccd155863ac37a6ccfe3b206a8267c34bc1c46d8e5901f72f6c160ee2",
                "sha256:2c66b11ccd48b0aba68b6b8d2045536ff3368b178259762826e2fe2c6bc74b90",
                "sha256:4028fc0d48cc602fc8a0c399d41c20d052034763622d49ddf784da21315adec8",
                "sha256:4871f85541b559ef10ab0f69f2251d2ac1dca4f14b0819f016191e6daf1ba03c",
                "sha256:61107a27999fd6af94c5043f8493335b8b93e788a99ccd5e850bfaaa994a5a57",
                "sha256:6271352603a629d0a1d50fdd98362575043058d354739a6d746eb699be7f81b9",
                "sha256:6330d4923351be834abaf4e64ec3c6240947f7dd05d80ce932e09636939cead5",
                "sha256:659f5e1aa0e0f01488c61eff47560c43b8be511c6a29293d7f3896ae17bd8b23",
                "sha256:673acab3ea8733e639ddde7baf4ec665763e92871571d254fe00b592cfad99d4",
                "sha256:769ccc141fb1891ecc2d39300ebb0efde16e7b4ce3d621fd61894a58676e23d4",
                "sha256:81de6cc0c1053e9439613475436504df1e5ea1d8072b49ab0dd1f41526085f6e",
                "sha256:82d4b630f2b73f7282a5c18d64a3a4b2ad2fb9141e43309beb68893770b7127f",
                "sha256:83a56f713c8126492081ec6b9e885fafb387e966e5c79b88bcdb15e41ca8dd33",
                "sha256:b8f516d63d81c6b0049bdb72d49e8d7f71b2cbb8f2c8e157354a12c728da20df",
                "sha256:c3a9e2699d63ae18e8c0242359b67725473e92fd60af73d334819dc52e1b53d4",
                "sha256:c83c2009648e1cffde4a1fbd09718a6ae788040ea30f9024bff66fd66262ef39",
                "sha256:d6bcda04e8eecac0286e2e893dd025f677a5b49f98872f6646b804e648e9da38",
                "sha256:e4524148786bcdf936f8d431925073470d47197483bad69a21f217bb1e79d776"
            ],
            "index": "pypi",
            "version": "==2.1.1"
        },
        "numpy": {
            "hashes": [
                "sha256:1479b46b6040b5c689831496354c8859c456b152d37315673a0c18720b41223b",
                "sha256:194074058c22a4066e1b6a4ea432486ee468d24ab16f13630c1030409e6b8666",
                "sha256:24bbec9a199f938eab75de8390f410969bc33c218e5430fa1ae9401b00865255",
                "sha256:289ff717138cd9aa133adcbd3c3e284458b9c8230db4d42b39083a3407370317",
                "sha256:3de643935b212307b420248018323a44ec51987a336d1d747c1322afc3c099fb",
                "sha256:428cd3c0b197cf857671353d8c85833193921af9fafcc169a1f29c7185833d50",
                "sha256:4e13f1a848fde960dea33702770265837c72b796a6a3eaac7528cfe75ddefadd",
                "sha256:5c54fb98ecf42da59ed93736d1c071842482b18657eb16ba6e466bd873e1b923",
                "sha256:6112f152b76a28c450bbf665da11757078a724a90330112f5b7ea2d6b6cefd67",
                "sha256:75471acf298d455b035226cc609a92aee42c4bb6aa71def85f77fa2c2b646b61",
                "sha256:781d3197da49c421a07f250750de70a52c42af08ca02a2f7bdb571c0625ae7eb",
                "sha256:7880f412543e96548374a4bb1d75e4cdb8cad80f3a101ed0f8d0e0428f719c1c",
                "sha256:7c5276763646480143d5f3a6c2acb2885460c765051a1baf4d5070f63d05010f",
                "sha256:91101216d72749df63968d86611b549438fb18af2c63849c01f9a897516133c7",
                "sha256:93b26d6c06a22e64d56aaca32aaaffd27a4143db0ac2f21a048f0b571f2bfc55",
                "sha256:97507349abb7d1f6b76b877258defe8720833881dc7e7fd052bac90c88587387",
                "sha256:98b1ac79c160e36093d7914244e40ee1e7164223e795aa2c71dcce367554e646",
                "sha256:9ddf384ac3aacb72e122a8207775cc29727cbd9c531ee1a4b95754f24f42f7f3",
                "sha256:a476e437d73e5754aa66e1e75840d0163119c3911b7361f4cd06985212a3c3fb",
                "sha256:b2547f57d05ba59df4289493254f29f4c9082d255f1f97b7e286f40f453e33a1",
                "sha256:c5eccb4bf96dbb2436c61bb3c2658139e779679b6ae0d04c5e268e6608b58053",
                "sha256:eef6af1c752eef538a96018ef9bdf8e37bbf28aab50a1436501a4aa47a6467df",
                "sha256:ff8a4b2c3ac831964f529a2da506c28d002562b230261ae5c16885f5f53d2e75"
            ],
            "index": "pypi",
            "version": "==1.14.0"
        },
        "pandas": {
            "hashes": [
                "sha256:02541a4fdd31315f213a5c8e18708abad719ee03eda05f603c4fe973e9b9d770",
                "sha256:052a66f58783a59ea38fdfee25de083b107baa81fdbe38fabd169d0f9efce2bf",
                "sha256:06efae5c00b9f4c6e6d3fe1eb52e590ff0ea8e5cb58032c724e04d31c540de53",
                "sha256:12f2a19d0b0adf31170d98d0e8bcbc59add0965a9b0c65d39e0665400491c0c5",
                "sha256:244ae0b9e998cfa88452a49b20e29bf582cc7c0e69093876d505aec4f8e1c7fe",
                "sha256:2907f3fe91ca2119ac3c38de6891bbbc83333bfe0d98309768fee28de563ee7a",
                "sha256:44a94091dd71f05922eec661638ec1a35f26d573c119aa2fad964f10a2880e6c",
                "sha256:587a9816cc663c958fcff7907c553b73fe196604f990bc98e1b71ebf07e45b44",
                "sha256:66403162c8b45325a995493bdd78ad4d8be085e527d721dbfa773d56fbba9c88",
                "sha256:68ac484e857dcbbd07ea7c6f516cc67f7f143f5313d9bc661470e7f473528882",
                "sha256:68b121d13177f5128a4c118bb4f73ba40df28292c038389961aa55ea5a996427",
                "sha256:97c8223d42d43d86ca359a57b4702ca0529c6553e83d736e93a5699951f0f8db",
                "sha256:af0dbac881f6f87acd325415adea0ce8cccf28f5d4ad7a54b6a1e176e2f7bf70",
                "sha256:c2cd884794924687edbaad40d18ac984054d247bb877890932c4d41e3c3aba31",
                "sha256:c372db80a5bcb143c9cb254d50f902772c3b093a4f965275197ec2d2184b1e61"
            ],
            "index": "pypi",
            "version": "==0.22.0"
        },
        "patsy": {
            "hashes": [
                "sha256:14269536ecedaae0a5a2f300faac7d0afa1cc47aa98c561f54ba7300d0ec4011",
                "sha256:e05f38d5c38c8d216f0cc2b765b1069b433c92d628b954fb2fee68d13e42883b"
            ],
            "version": "==0.5.0"
        },
        "pymc3": {
            "hashes": [
                "sha256:03e821f01db93b49727e8b2d284f836d91d98ae49a012e227eeac3d41665cca6",
                "sha256:fd728c46cd998c4ecd46fd2c23f9b7884fff6872fca9ea26ed6ebc3337296be9"
            ],
            "index": "pypi",
            "version": "==3.3"
        },
        "pyparsing": {
            "hashes": [
                "sha256:0832bcf47acd283788593e7a0f542407bd9550a55a8a8435214a1960e04bcb04",
                "sha256:fee43f17a9c4087e7ed1605bd6df994c6173c1e977d7ade7b651292fab2bd010"
            ],
            "version": "==2.2.0"
        },
        "python-dateutil": {
            "hashes": [
                "sha256:1adb80e7a782c12e52ef9a8182bebeb73f1d7e24e374397af06fb4956c8dc5c0",
                "sha256:e27001de32f627c22380a688bcc43ce83504a7bc5da472209b4c70f02829f0b8"
            ],
            "version": "==2.7.3"
        },
        "pytz": {
            "hashes": [
                "sha256:a061aa0a9e06881eb8b3b2b43f05b9439d6583c206d0a6c340ff72a7b6669053",
                "sha256:ffb9ef1de172603304d9d2819af6f5ece76f2e85ec10692a524dd876e72bf277"
            ],
            "version": "==2018.5"
        },
        "scikit-learn": {
            "hashes": [
                "sha256:13136c6e4f6b808569f7f59299d439b2cd718f85d72ea14b5b6077d44ebc7d17",
                "sha256:370919e3148253fd6552496c33a1e3d78290a336fc8d1b9349d9e9770fae6ec0",
                "sha256:3775cca4ce3f94508bb7c8a6b113044b78c16b0a30a5c169ddeb6b9fe57a8a72",
                "sha256:42f3c5bd893ed73bf47ccccf04dfb98fae743f397d688bb58c2238c0e6ec15d2",
                "sha256:56cfa19c31edf62e6414da0a337efee37a4af488b135640e67238786b9be6ab3",
                "sha256:5c9ff456d67ef9094e5ea272fff2be05d399a47fc30c6c8ed653b94bdf787bd1",
                "sha256:5ca0ad32ee04abe0d4ba02c8d89d501b4e5e0304bdf4d45c2e9875a735b323a0",
                "sha256:5db9e68a384ce80a17fc449d4d5d9b45025fe17cf468429599bf404eccb51049",
                "sha256:72c194c5092e921d6107a8de8a5adae58c35bbc54e030ba624b6f02fd823bb21",
                "sha256:871669cdb5b3481650fe3adff46eb97c455e30ecdc307eaf382ef90d4e2570ab",
                "sha256:873245b03361710f47c5410a050dc56ee8ae97b9f8dcc6e3a81521ca2b64ad10",
                "sha256:8b17fc29554c5c98d88142f895516a5bec2b6b61daa815e1193a64c868ad53d2",
                "sha256:95b155ef6bf829ddfba6026f100ba8e4218b7171ecab97b2163bc9e8d206848f",
                "sha256:a21cf8217e31a9e8e32c559246e05e6909981816152406945ae2e3e244dfcc1f",
                "sha256:ba3fd442ae1a46830789b3578867daaf2c8409dcca6bf192e30e85beeabbfc2f",
                "sha256:ce78bf4d10bd7e28807c36c6d2ab25a9934aaf80906ad987622a5e45627d91a2",
                "sha256:d384e6f9a055b7a43492f9d27779adb717eb5dcf78b0603b01d0f070a608d241",
                "sha256:d4da369614e55540c7e830ccdd17ab4fe5412ff8e803a4906d3ece393e2e3a63",
                "sha256:ddc1eb10138ae93c136cc4b5945d3977f302b5d693592a4731b2805a7d7f2a74",
                "sha256:e54a3dd1fe1f8124de90b93c48d120e6da2ea8df29b6895325df01ddc1bd8e26",
                "sha256:ee8c3b1898c728b6e5b5659c233f547700a1fea13ce876b6fe7d3434c70cc0e0",
                "sha256:f528c4b2bba652cf116f5cccf36f4db95a7f9cbfcd1ee549c4e8d0f8628783b5",
                "sha256:f9abae483f4d52acd6f660addb1b67e35dc5748655250af479de2ea6aefc6df0"
            ],
            "index": "pypi",
            "version": "==0.19.1"
        },
        "scipy": {
            "hashes": [
                "sha256:0611ee97296265af4a21164a5323f8c1b4e8e15c582d3dfa7610825900136bb7",
                "sha256:08237eda23fd8e4e54838258b124f1cd141379a5f281b0a234ca99b38918c07a",
                "sha256:0e645dbfc03f279e1946cf07c9c754c2a1859cb4a41c5f70b25f6b3a586b6dbd",
                "sha256:0e9bb7efe5f051ea7212555b290e784b82f21ffd0f655405ac4f87e288b730b3",
                "sha256:108c16640849e5827e7d51023efb3bd79244098c3f21e4897a1007720cb7ce37",
                "sha256:340ef70f5b0f4e2b4b43c8c8061165911bc6b2ad16f8de85d9774545e2c47463",
                "sha256:3ad73dfc6f82e494195144bd3a129c7241e761179b7cb5c07b9a0ede99c686f3",
                "sha256:3b243c77a822cd034dad53058d7c2abf80062aa6f4a32e9799c95d6391558631",
                "sha256:404a00314e85eca9d46b80929571b938e97a143b4f2ddc2b2b3c91a4c4ead9c5",
                "sha256:423b3ff76957d29d1cce1bc0d62ebaf9a3fdfaf62344e3fdec14619bb7b5ad3a",
                "sha256:42d9149a2fff7affdd352d157fa5717033767857c11bd55aa4a519a44343dfef",
                "sha256:625f25a6b7d795e8830cb70439453c9f163e6870e710ec99eba5722775b318f3",
                "sha256:698c6409da58686f2df3d6f815491fd5b4c2de6817a45379517c92366eea208f",
                "sha256:729f8f8363d32cebcb946de278324ab43d28096f36593be6281ca1ee86ce6559",
                "sha256:8190770146a4c8ed5d330d5b5ad1c76251c63349d25c96b3094875b930c44692",
                "sha256:878352408424dffaa695ffedf2f9f92844e116686923ed9aa8626fc30d32cfd1",
                "sha256:8b984f0821577d889f3c7ca8445564175fb4ac7c7f9659b7c60bef95b2b70e76",
                "sha256:8f841bbc21d3dad2111a94c490fb0a591b8612ffea86b8e5571746ae76a3deac",
                "sha256:c22b27371b3866c92796e5d7907e914f0e58a36d3222c5d436ddd3f0e354227a",
                "sha256:d0cdd5658b49a722783b8b4f61a6f1f9c75042d0e29a30ccb6cacc9b25f6d9e2",
                "sha256:d40dc7f494b06dcee0d303e51a00451b2da6119acbeaccf8369f2d29e28917ac",
                "sha256:d8491d4784aceb1f100ddb8e31239c54e4afab8d607928a9f7ef2469ec35ae01",
                "sha256:dfc5080c38dde3f43d8fbb9c0539a7839683475226cf83e4b24363b227dfe552",
                "sha256:e24e22c8d98d3c704bb3410bce9b69e122a8de487ad3dbfe9985d154e5c03a40",
                "sha256:e7a01e53163818d56eabddcafdc2090e9daba178aad05516b20c6591c4811020",
                "sha256:ee677635393414930541a096fc8e61634304bb0153e4e02b75685b11eba14cae",
                "sha256:f0521af1b722265d824d6ad055acfe9bd3341765735c44b5a4d0069e189a0f40",
                "sha256:f25c281f12c0da726c6ed00535ca5d1622ec755c30a3f8eafef26cf43fede694"
            ],
            "version": "==1.1.0"
        },
        "six": {
            "hashes": [
                "sha256:70e8a77beed4562e7f14fe23a786b54f6296e34344c23bc42f07b15018ff98e9",
                "sha256:832dc0e10feb1aa2c68dcc57dbb658f1c7e65b9b61af69048abc87a2db00a0eb"
            ],
            "version": "==1.11.0"
        },
        "theano": {
            "hashes": [
                "sha256:6768e003d328a17011e6fca9126fbb8a6ffd3bb13cb21c450f3e724cca29abde"
            ],
            "version": "==1.0.2"
        },
        "tqdm": {
            "hashes": [
                "sha256:18f1818ce951aeb9ea162ae1098b43f583f7d057b34d706f66939353d1208889",
                "sha256:df02c0650160986bac0218bb07952245fc6960d23654648b5d5526ad5a4128c9"
            ],
            "markers": "python_version >= '2.6' and python_version != '3.1.*' and python_version != '3.0.*'",
            "version": "==4.26.0"
        }
    },
    "develop": {
        "appnope": {
            "hashes": [
                "sha256:5b26757dc6f79a3b7dc9fab95359328d5747fcb2409d331ea66d0272b90ab2a0",
                "sha256:8b995ffe925347a2138d7ac0fe77155e4311a0ea6d6da4f5128fe4b3cbe5ed71"
            ],
            "markers": "sys_platform == 'darwin'",
            "version": "==0.1.0"
        },
        "backcall": {
            "hashes": [
                "sha256:38ecd85be2c1e78f77fd91700c76e14667dc21e2713b63876c0eb901196e01e4",
                "sha256:bbbf4b1e5cd2bdb08f915895b51081c041bac22394fdfcfdfbe9f14b77c08bf2"
            ],
            "version": "==0.1.0"
        },
        "bleach": {
            "hashes": [
                "sha256:0ee95f6167129859c5dce9b1ca291ebdb5d8cd7e382ca0e237dfd0dad63f63d8",
                "sha256:24754b9a7d530bf30ce7cbc805bc6cce785660b4a10ff3a43633728438c105ab"
            ],
            "version": "==2.1.4"
        },
        "decorator": {
            "hashes": [
                "sha256:2c51dff8ef3c447388fe5e4453d24a2bf128d3a4c32af3fabef1f01c6851ab82",
                "sha256:c39efa13fbdeb4506c476c9b3babf6a718da943dab7811c206005a4a956c080c"
            ],
            "version": "==4.3.0"
        },
        "defusedxml": {
            "hashes": [
                "sha256:24d7f2f94f7f3cb6061acb215685e5125fbcdc40a857eff9de22518820b0a4f4",
                "sha256:702a91ade2968a82beb0db1e0766a6a273f33d4616a6ce8cde475d8e09853b20"
            ],
            "version": "==0.5.0"
        },
        "entrypoints": {
            "hashes": [
                "sha256:10ad569bb245e7e2ba425285b9fa3e8178a0dc92fc53b1e1c553805e15a8825b",
                "sha256:d2d587dde06f99545fb13a383d2cd336a8ff1f359c5839ce3a64c917d10c029f"
            ],
            "version": "==0.2.3"
        },
        "html5lib": {
            "hashes": [
                "sha256:20b159aa3badc9d5ee8f5c647e5efd02ed2a66ab8d354930bd9ff139fc1dc0a3",
                "sha256:66cb0dcfdbbc4f9c3ba1a63fdb511ffdbd4f513b2b6d81b80cd26ce6b3fb3736"
            ],
            "version": "==1.0.1"
        },
        "ipykernel": {
            "hashes": [
                "sha256:00d88b7e628e4e893359119b894451611214bce09776a3bf8248fe42cb48ada6",
                "sha256:a706b975376efef98b70e10cd167ab9506cf08a689d689a3c7daf344c15040f6",
                "sha256:c5a498c70f7765c34f3397cf943b069057f5bef4e0218e4cfbb733e9f38fa5fa"
            ],
            "version": "==4.9.0"
        },
        "ipython": {
            "hashes": [
                "sha256:007dcd929c14631f83daff35df0147ea51d1af420da303fd078343878bd5fb62",
                "sha256:b0f2ef9eada4a68ef63ee10b6dde4f35c840035c50fd24265f8052c98947d5a4"
            ],
            "version": "==6.5.0"
        },
        "ipython-genutils": {
            "hashes": [
                "sha256:72dd37233799e619666c9f639a9da83c34013a73e8bbc79a7a6348d93c61fab8",
                "sha256:eb2e116e75ecef9d4d228fdc66af54269afa26ab4463042e33785b887c628ba8"
            ],
            "version": "==0.2.0"
        },
        "jedi": {
            "hashes": [
                "sha256:b409ed0f6913a701ed474a614a3bb46e6953639033e31f769ca7581da5bd1ec1",
                "sha256:c254b135fb39ad76e78d4d8f92765ebc9bf92cbc76f49e97ade1d5f5121e1f6f"
            ],
            "version": "==0.12.1"
        },
        "jinja2": {
            "hashes": [
                "sha256:74c935a1b8bb9a3947c50a54766a969d4846290e1e788ea44c1392163723c3bd",
                "sha256:f84be1bb0040caca4cea721fcbbbbd61f9be9464ca236387158b0feea01914a4"
            ],
            "version": "==2.10"
        },
        "jsonschema": {
            "hashes": [
                "sha256:000e68abd33c972a5248544925a0cae7d1125f9bf6c58280d37546b946769a08",
                "sha256:6ff5f3180870836cae40f06fa10419f557208175f13ad7bc26caa77beb1f6e02"
            ],
            "version": "==2.6.0"
        },
        "jupyter-client": {
            "hashes": [
                "sha256:27befcf0446b01e29853014d6a902dd101ad7d7f94e2252b1adca17c3466b761",
                "sha256:59e6d791e22a8002ad0e80b78c6fd6deecab4f9e1b1aa1a22f4213de271b29ea"
            ],
            "version": "==5.2.3"
        },
        "jupyter-core": {
            "hashes": [
                "sha256:927d713ffa616ea11972534411544589976b2493fc7e09ad946e010aa7eb9970",
                "sha256:ba70754aa680300306c699790128f6fbd8c306ee5927976cbe48adacf240c0b7"
            ],
            "version": "==4.4.0"
        },
        "jupyterlab": {
            "hashes": [
                "sha256:928b893afd6f677c754460c1156937397963394f70876295e20587d382bc426a",
                "sha256:fe98e7c6218bcea1a0f964d2e0d245bdefd6a906904d79527239277da23b41ad"
            ],
            "index": "pypi",
            "version": "==0.34.10"
        },
        "jupyterlab-launcher": {
            "hashes": [
                "sha256:bd91a0938d415fed3a9214aa918a66dd90ccff0c5b59c8a73134b1e6afd857c6",
                "sha256:f880eada0b8b1f524d5951dc6fcae0d13b169897fc8a247d75fb5beadd69c5f0"
            ],
            "version": "==0.13.1"
        },
        "markupsafe": {
            "hashes": [
                "sha256:a6be69091dac236ea9c6bc7d012beab42010fa914c459791d627dad4910eb665"
            ],
            "version": "==1.0"
        },
        "mistune": {
            "hashes": [
                "sha256:b4c512ce2fc99e5a62eb95a4aba4b73e5f90264115c40b70a21e1f7d4e0eac91",
                "sha256:bc10c33bfdcaa4e749b779f62f60d6e12f8215c46a292d05e486b869ae306619"
            ],
            "version": "==0.8.3"
        },
        "nbconvert": {
            "hashes": [
                "sha256:08d21cf4203fabafd0d09bbd63f06131b411db8ebeede34b0fd4be4548351779",
                "sha256:a8a2749f972592aa9250db975304af6b7337f32337e523a2c995cc9e12c07807"
            ],
            "version": "==5.4.0"
        },
        "nbformat": {
            "hashes": [
                "sha256:b9a0dbdbd45bb034f4f8893cafd6f652ea08c8c1674ba83f2dc55d3955743b0b",
                "sha256:f7494ef0df60766b7cabe0a3651556345a963b74dbc16bc7c18479041170d402"
            ],
            "version": "==4.4.0"
        },
        "notebook": {
            "hashes": [
                "sha256:66dd59e76e755584ae9450eb015c39f55d4bb1d8ec68f2c694d2b3cba7bf5c7e",
                "sha256:e2c8e931cc19db4f8c63e6a396efbc13a228b2cb5b2919df011b946f28239a08"
            ],
            "version": "==5.6.0"
        },
        "pandocfilters": {
            "hashes": [
                "sha256:b3dd70e169bb5449e6bc6ff96aea89c5eea8c5f6ab5e207fc2f521a2cf4a0da9"
            ],
            "version": "==1.4.2"
        },
        "parso": {
            "hashes": [
                "sha256:35704a43a3c113cce4de228ddb39aab374b8004f4f2407d070b6a2ca784ce8a2",
                "sha256:895c63e93b94ac1e1690f5fdd40b65f07c8171e3e53cbd7793b5b96c0e0a7f24"
            ],
            "version": "==0.3.1"
        },
        "pexpect": {
            "hashes": [
                "sha256:2a8e88259839571d1251d278476f3eec5db26deb73a70be5ed5dc5435e418aba",
                "sha256:3fbd41d4caf27fa4a377bfd16fef87271099463e6fa73e92a52f92dfee5d425b"
            ],
            "markers": "sys_platform != 'win32'",
            "version": "==4.6.0"
        },
        "pickleshare": {
            "hashes": [
                "sha256:84a9257227dfdd6fe1b4be1319096c20eb85ff1e82c7932f36efccfe1b09737b",
                "sha256:c9a2541f25aeabc070f12f452e1f2a8eae2abd51e1cd19e8430402bdf4c1d8b5"
            ],
            "version": "==0.7.4"
        },
        "prometheus-client": {
            "hashes": [
                "sha256:17bc24c09431644f7c65d7bce9f4237252308070b6395d6d8e87767afe867e24"
            ],
            "version": "==0.3.1"
        },
        "prompt-toolkit": {
            "hashes": [
                "sha256:1df952620eccb399c53ebb359cc7d9a8d3a9538cb34c5a1344bdbeb29fbcc381",
                "sha256:3f473ae040ddaa52b52f97f6b4a493cfa9f5920c255a12dc56a7d34397a398a4",
                "sha256:858588f1983ca497f1cf4ffde01d978a3ea02b01c8a26a8bbc5cd2e66d816917"
            ],
            "version": "==1.0.15"
        },
        "ptyprocess": {
            "hashes": [
                "sha256:923f299cc5ad920c68f2bc0bc98b75b9f838b93b599941a6b63ddbc2476394c0",
                "sha256:d7cc528d76e76342423ca640335bd3633420dc1366f258cb31d05e865ef5ca1f"
            ],
            "markers": "os_name != 'nt'",
            "version": "==0.6.0"
        },
        "pygments": {
            "hashes": [
                "sha256:78f3f434bcc5d6ee09020f92ba487f95ba50f1e3ef83ae96b9d5ffa1bab25c5d",
                "sha256:dbae1046def0efb574852fab9e90209b23f556367b5a320c0bcb871c77c3e8cc"
            ],
            "version": "==2.2.0"
        },
        "python-dateutil": {
            "hashes": [
                "sha256:1adb80e7a782c12e52ef9a8182bebeb73f1d7e24e374397af06fb4956c8dc5c0",
                "sha256:e27001de32f627c22380a688bcc43ce83504a7bc5da472209b4c70f02829f0b8"
            ],
            "version": "==2.7.3"
        },
        "pyzmq": {
            "hashes": [
                "sha256:25a0715c8f69cf72f67cfe5a68a3f3ed391c67c063d2257bec0fe7fc2c7f08f8",
                "sha256:2bab63759632c6b9e0d5bf19cc63c3b01df267d660e0abcf230cf0afaa966349",
                "sha256:30ab49d99b24bf0908ebe1cdfa421720bfab6f93174e4883075b7ff38cc555ba",
                "sha256:32c7ca9fc547a91e3c26fc6080b6982e46e79819e706eb414dd78f635a65d946",
                "sha256:41219ae72b3cc86d97557fe5b1ef5d1adc1057292ec597b50050874a970a39cf",
                "sha256:4b8c48a9a13cea8f1f16622f9bd46127108af14cd26150461e3eab71e0de3e46",
                "sha256:55724997b4a929c0d01b43c95051318e26ddbae23565018e138ae2dc60187e59",
                "sha256:65f0a4afae59d4fc0aad54a917ab599162613a761b760ba167d66cc646ac3786",
                "sha256:6f88591a8b246f5c285ee6ce5c1bf4f6bd8464b7f090b1333a446b6240a68d40",
                "sha256:75022a4c60dcd8765bb9ca32f6de75a0ec83b0d96e0309dc479f4c7b21f26cb7",
                "sha256:76ea493bfab18dcb090d825f3662b5612e2def73dffc196d51a5194b0294a81d",
                "sha256:7b60c045b80709e4e3c085bab9b691e71761b44c2b42dbb047b8b498e7bc16b3",
                "sha256:8e6af2f736734aef8ed6f278f9f552ec7f37b1a6b98e59b887484a840757f67d",
                "sha256:9ac2298e486524331e26390eac14e4627effd3f8e001d4266ed9d8f1d2d31cce",
                "sha256:9ba650f493a9bc1f24feca1d90fce0e5dd41088a252ac9840131dfbdbf3815ca",
                "sha256:a02a4a385e394e46012dc83d2e8fd6523f039bb52997c1c34a2e0dd49ed839c1",
                "sha256:a3ceee84114d9f5711fa0f4db9c652af0e4636c89eabc9b7f03a3882569dd1ed",
                "sha256:a72b82ac1910f2cf61a49139f4974f994984475f771b0faa730839607eeedddf",
                "sha256:ab136ac51027e7c484c53138a0fab4a8a51e80d05162eb7b1585583bcfdbad27",
                "sha256:c095b224300bcac61e6c445e27f9046981b1ac20d891b2f1714da89d34c637c8",
                "sha256:c5cc52d16c06dc2521340d69adda78a8e1031705924e103c0eb8fc8af861d810",
                "sha256:d612e9833a89e8177f8c1dc68d7b4ff98d3186cd331acd616b01bbdab67d3a7b",
                "sha256:e828376a23c66c6fe90dcea24b4b72cd774f555a6ee94081670872918df87a19",
                "sha256:e9767c7ab2eb552796440168d5c6e23a99ecaade08dda16266d43ad461730192",
                "sha256:ebf8b800d42d217e4710d1582b0c8bff20cdcb4faad7c7213e52644034300924"
            ],
            "markers": "python_version != '3.2*' and python_version >= '2.7' and python_version != '3.0*' and python_version != '3.1*'",
            "version": "==17.1.2"
        },
        "send2trash": {
            "hashes": [
                "sha256:60001cc07d707fe247c94f74ca6ac0d3255aabcb930529690897ca2a39db28b2",
                "sha256:f1691922577b6fa12821234aeb57599d887c4900b9ca537948d2dac34aea888b"
            ],
            "version": "==1.5.0"
        },
        "simplegeneric": {
            "hashes": [
                "sha256:dc972e06094b9af5b855b3df4a646395e43d1c9d0d39ed345b7393560d0b9173"
            ],
            "version": "==0.8.1"
        },
        "six": {
            "hashes": [
                "sha256:70e8a77beed4562e7f14fe23a786b54f6296e34344c23bc42f07b15018ff98e9",
                "sha256:832dc0e10feb1aa2c68dcc57dbb658f1c7e65b9b61af69048abc87a2db00a0eb"
            ],
            "version": "==1.11.0"
        },
        "terminado": {
            "hashes": [
                "sha256:55abf9ade563b8f9be1f34e4233c7b7bde726059947a593322e8a553cc4c067a",
                "sha256:65011551baff97f5414c67018e908110693143cfbaeb16831b743fe7cad8b927"
            ],
            "version": "==0.8.1"
        },
        "testpath": {
            "hashes": [
                "sha256:039fa6a6c9fd3488f8336d23aebbfead5fa602c4a47d49d83845f55a595ec1b4",
                "sha256:0d5337839c788da5900df70f8e01015aec141aa3fe7936cb0d0a2953f7ac7609"
            ],
            "version": "==0.3.1"
        },
        "tornado": {
            "hashes": [
                "sha256:1c0816fc32b7d31b98781bd8ebc7a9726d7dce67407dc353a2e66e697e138448",
                "sha256:4f66a2172cb947387193ca4c2c3e19131f1c70fa8be470ddbbd9317fd0801582",
                "sha256:5327ba1a6c694e0149e7d9126426b3704b1d9d520852a3e4aa9fc8fe989e4046",
                "sha256:6a7e8657618268bb007646b9eae7661d0b57f13efc94faa33cd2588eae5912c9",
                "sha256:a9b14804783a1d77c0bd6c66f7a9b1196cbddfbdf8bceb64683c5ae60bd1ec6f",
                "sha256:c58757e37c4a3172949c99099d4d5106e4d7b63aa0617f9bb24bfbff712c7866",
                "sha256:d8984742ce86c0855cccecd5c6f54a9f7532c983947cff06f3a0e2115b47f85c"
            ],
            "version": "==5.1"
        },
        "traitlets": {
            "hashes": [
                "sha256:9c4bd2d267b7153df9152698efb1050a5d84982d3384a37b2c1f7723ba3e7835",
                "sha256:c6cb5e6f57c5a9bdaa40fa71ce7b4af30298fbab9ece9815b5d995ab6217c7d9"
            ],
            "version": "==4.3.2"
        },
        "wcwidth": {
            "hashes": [
                "sha256:3df37372226d6e63e1b1e1eda15c594bca98a22d33a23832a90998faa96bc65e",
                "sha256:f4ebe71925af7b40a864553f761ed559b43544f8f71746c2d756c7fe788ade7c"
            ],
            "version": "==0.1.7"
        },
        "webencodings": {
            "hashes": [
                "sha256:a0af1213f3c2226497a97e2b3aa01a7e4bee4f403f95be16fc9acd2947514a78",
                "sha256:b36a1c245f2d304965eb4e0a82848379241dc04b865afcc4aab16748587e1923"
            ],
            "version": "==0.5.1"
        }
    }
}
